
Microsoft Visual Studio Solution File, Format Version 12.00
# Visual Studio 15
VisualStudioVersion = 15.0.28307.421
MinimumVisualStudioVersion = 10.0.40219.1
Project("{FAE04EC0-301F-11D3-BF4B-00C04F79EFBC}") = "AdapterDecorator", "DesignPatternsTraining\AdapterDecorator.csproj", "{377B60D7-B8CC-4FD3-B1C4-DD5D3BC3A7EF}"
EndProject
Project("{FAE04EC0-301F-11D3-BF4B-00C04F79EFBC}") = "StreamDecorator", "StreamDecorator\StreamDecorator.csproj", "{C36C6566-CC7E-4380-9B07-09A31530EF55}"
EndProject
Project("{FAE04EC0-301F-11D3-BF4B-00C04F79EFBC}") = "BridgeExample", "BridgeExample\BridgeExample.csproj", "{AD3B3E25-D124-4A1C-A886-61E5D47B624A}"
EndProject
Project("{FAE04EC0-301F-11D3-BF4B-00C04F79EFBC}") = "ProxyExample", "ProxyExample\ProxyExample.csproj", "{815A842C-C621-4ED8-AE19-D99C2CB61AD0}"
EndProject
Project("{FAE04EC0-301F-11D3-BF4B-00C04F79EFBC}") = "TemplateExample", "ConsoleApp1\TemplateExample.csproj", "{58387540-54B4-4D45-87A6-1C543B2005BA}"
EndProject
Project("{FAE04EC0-301F-11D3-BF4B-00C04F79EFBC}") = "ChainOfResponsibility", "ChainOfResponsibility\ChainOfResponsibility.csproj", "{7A844D58-A814-48BD-AE88-860209F6278D}"
EndProject
Project("{FAE04EC0-301F-11D3-BF4B-00C04F79EFBC}") = "Factory", "Factory\Factory.csproj", "{C762451D-6D7D-49D8-ACF3-F8D38870746B}"
EndProject
Project("{FAE04EC0-301F-11D3-BF4B-00C04F79EFBC}") = "Strategy", "Strategy\Strategy.csproj", "{E3E08170-11EA-4C05-A237-C14040980DCE}"
EndProject
Global
	GlobalSection(SolutionConfigurationPlatforms) = preSolution
		Debug|Any CPU = Debug|Any CPU
		Release|Any CPU = Release|Any CPU
	EndGlobalSection
	GlobalSection(ProjectConfigurationPlatforms) = postSolution
		{377B60D7-B8CC-4FD3-B1C4-DD5D3BC3A7EF}.Debug|Any CPU.ActiveCfg = Debug|Any CPU
		{377B60D7-B8CC-4FD3-B1C4-DD5D3BC3A7EF}.Debug|Any CPU.Build.0 = Debug|Any CPU
		{377B60D7-B8CC-4FD3-B1C4-DD5D3BC3A7EF}.Release|Any CPU.ActiveCfg = Release|Any CPU
		{377B60D7-B8CC-4FD3-B1C4-DD5D3BC3A7EF}.Release|Any CPU.Build.0 = Release|Any CPU
		{C36C6566-CC7E-4380-9B07-09A31530EF55}.Debug|Any CPU.ActiveCfg = Debug|Any CPU
		{C36C6566-CC7E-4380-9B07-09A31530EF55}.Debug|Any CPU.Build.0 = Debug|Any CPU
		{C36C6566-CC7E-4380-9B07-09A31530EF55}.Release|Any CPU.ActiveCfg = Release|Any CPU
		{C36C6566-CC7E-4380-9B07-09A31530EF55}.Release|Any CPU.Build.0 = Release|Any CPU
		{AD3B3E25-D124-4A1C-A886-61E5D47B624A}.Debug|Any CPU.ActiveCfg = Debug|Any CPU
		{AD3B3E25-D124-4A1C-A886-61E5D47B624A}.Debug|Any CPU.Build.0 = Debug|Any CPU
		{AD3B3E25-D124-4A1C-A886-61E5D47B624A}.Release|Any CPU.ActiveCfg = Release|Any CPU
		{AD3B3E25-D124-4A1C-A886-61E5D47B624A}.Release|Any CPU.Build.0 = Release|Any CPU
		{815A842C-C621-4ED8-AE19-D99C2CB61AD0}.Debug|Any CPU.ActiveCfg = Debug|Any CPU
		{815A842C-C621-4ED8-AE19-D99C2CB61AD0}.Debug|Any CPU.Build.0 = Debug|Any CPU
		{815A842C-C621-4ED8-AE19-D99C2CB61AD0}.Release|Any CPU.ActiveCfg = Release|Any CPU
		{815A842C-C621-4ED8-AE19-D99C2CB61AD0}.Release|Any CPU.Build.0 = Release|Any CPU
		{58387540-54B4-4D45-87A6-1C543B2005BA}.Debug|Any CPU.ActiveCfg = Debug|Any CPU
		{58387540-54B4-4D45-87A6-1C543B2005BA}.Debug|Any CPU.Build.0 = Debug|Any CPU
		{58387540-54B4-4D45-87A6-1C543B2005BA}.Release|Any CPU.ActiveCfg = Release|Any CPU
		{58387540-54B4-4D45-87A6-1C543B2005BA}.Release|Any CPU.Build.0 = Release|Any CPU
		{7A844D58-A814-48BD-AE88-860209F6278D}.Debug|Any CPU.ActiveCfg = Debug|Any CPU
		{7A844D58-A814-48BD-AE88-860209F6278D}.Debug|Any CPU.Build.0 = Debug|Any CPU
		{7A844D58-A814-48BD-AE88-860209F6278D}.Release|Any CPU.ActiveCfg = Release|Any CPU
		{7A844D58-A814-48BD-AE88-860209F6278D}.Release|Any CPU.Build.0 = Release|Any CPU
		{C762451D-6D7D-49D8-ACF3-F8D38870746B}.Debug|Any CPU.ActiveCfg = Debug|Any CPU
		{C762451D-6D7D-49D8-ACF3-F8D38870746B}.Debug|Any CPU.Build.0 = Debug|Any CPU
		{C762451D-6D7D-49D8-ACF3-F8D38870746B}.Release|Any CPU.ActiveCfg = Release|Any CPU
		{C762451D-6D7D-49D8-ACF3-F8D38870746B}.Release|Any CPU.Build.0 = Release|Any CPU
		{E3E08170-11EA-4C05-A237-C14040980DCE}.Debug|Any CPU.ActiveCfg = Debug|Any CPU
		{E3E08170-11EA-4C05-A237-C14040980DCE}.Debug|Any CPU.Build.0 = Debug|Any CPU
		{E3E08170-11EA-4C05-A237-C14040980DCE}.Release|Any CPU.ActiveCfg = Release|Any CPU
		{E3E08170-11EA-4C05-A237-C14040980DCE}.Release|Any CPU.Build.0 = Release|Any CPU
	EndGlobalSection
	GlobalSection(SolutionProperties) = preSolution
		HideSolutionNode = FALSE
	EndGlobalSection
	GlobalSection(ExtensibilityGlobals) = postSolution
		SolutionGuid = {9EF4E1B7-2EF7-4874-BAF3-D6BFB60E2401}
	EndGlobalSection
EndGlobal
